dependencies:
- name: webui
  repository: file://../webui/
  version: 0.1.0
- name: postgresql
  repository: https://charts.bitnami.com/bitnami
  version: 16.7.9
- name: worker
  repository: file://../worker/
  version: 0.1.0
digest: sha256:14a74157c6e55a7df9ccaa9bea2beff45aac78940e468733cc0a4da6d4024800
generated: "2025-06-05T19:09:18.265772304+02:00"
