dependencies:
- name: webui
  repository: file://../webui/
  version: 0.1.0
- name: postgresql
  repository: https://charts.bitnami.com/bitnami
  version: 18.0.7
- name: worker
  repository: file://../worker/
  version: 0.1.0
digest: sha256:abdc0186dca79f8f26e51322602ddd98d45a5bc0449be84b3f356caeec4d23ca
generated: "2026-02-17T23:02:54.843483778+01:00"
